
Microsoft Visual Studio Solution File, Format Version 12.00
# Visual Studio Version 17
VisualStudioVersion = 17.5.33414.496
MinimumVisualStudioVersion = 10.0.40219.1
Project("{9A19103F-16F7-4668-BE54-9A1E7A4F7556}") = "EmpyrionPrime.Mod", "EmpyrionPrime.Mod\EmpyrionPrime.Mod.csproj", "{99942E25-5F21-44E5-82B6-00091E9B82D6}"
EndProject
Project("{9A19103F-16F7-4668-BE54-9A1E7A4F7556}") = "EmpyrionPrime.Launcher", "EmpyrionPrime.Launcher\EmpyrionPrime.Launcher.csproj", "{35D6EA0B-8806-4B63-8C68-2416C1180B52}"
EndProject
Project("{9A19103F-16F7-4668-BE54-9A1E7A4F7556}") = "EmpyrionPrime.RemoteClient", "EmpyrionPrime.RemoteClient\EmpyrionPrime.RemoteClient.csproj", "{21ED9D35-24B1-4A31-B9DA-F6E7F55A0022}"
EndProject
Project("{FAE04EC0-301F-11D3-BF4B-00C04F79EFBC}") = "EmpyrionPrime.RemoteClient.Tests", "EmpyrionPrime.RemoteClient.Tests\EmpyrionPrime.RemoteClient.Tests.csproj", "{4ED01FF4-5851-49C5-BEA0-49784793A382}"
EndProject
Project("{2150E333-8FDC-42A3-9474-1A3956D46DE8}") = "Solution Items", "Solution Items", "{1857379F-6897-4AD4-A687-1FF17899FECE}"
	ProjectSection(SolutionItems) = preProject
		LICENSE.md = LICENSE.md
		README.md = README.md
	EndProjectSection
EndProject
Project("{FAE04EC0-301F-11D3-BF4B-00C04F79EFBC}") = "EmpyrionPrime.ExamplePlugin", "EmpyrionPrime.ExamplePlugin\EmpyrionPrime.ExamplePlugin.csproj", "{DDB20639-FB4E-4503-980D-D8B9549A3741}"
EndProject
Global
	GlobalSection(SolutionConfigurationPlatforms) = preSolution
		Debug|Any CPU = Debug|Any CPU
		Release|Any CPU = Release|Any CPU
	EndGlobalSection
	GlobalSection(ProjectConfigurationPlatforms) = postSolution
		{99942E25-5F21-44E5-82B6-00091E9B82D6}.Debug|Any CPU.ActiveCfg = Debug|Any CPU
		{99942E25-5F21-44E5-82B6-00091E9B82D6}.Debug|Any CPU.Build.0 = Debug|Any CPU
		{99942E25-5F21-44E5-82B6-00091E9B82D6}.Release|Any CPU.ActiveCfg = Release|Any CPU
		{99942E25-5F21-44E5-82B6-00091E9B82D6}.Release|Any CPU.Build.0 = Release|Any CPU
		{35D6EA0B-8806-4B63-8C68-2416C1180B52}.Debug|Any CPU.ActiveCfg = Debug|Any CPU
		{35D6EA0B-8806-4B63-8C68-2416C1180B52}.Debug|Any CPU.Build.0 = Debug|Any CPU
		{35D6EA0B-8806-4B63-8C68-2416C1180B52}.Release|Any CPU.ActiveCfg = Release|Any CPU
		{35D6EA0B-8806-4B63-8C68-2416C1180B52}.Release|Any CPU.Build.0 = Release|Any CPU
		{21ED9D35-24B1-4A31-B9DA-F6E7F55A0022}.Debug|Any CPU.ActiveCfg = Debug|Any CPU
		{21ED9D35-24B1-4A31-B9DA-F6E7F55A0022}.Debug|Any CPU.Build.0 = Debug|Any CPU
		{21ED9D35-24B1-4A31-B9DA-F6E7F55A0022}.Release|Any CPU.ActiveCfg = Release|Any CPU
		{21ED9D35-24B1-4A31-B9DA-F6E7F55A0022}.Release|Any CPU.Build.0 = Release|Any CPU
		{4ED01FF4-5851-49C5-BEA0-49784793A382}.Debug|Any CPU.ActiveCfg = Debug|Any CPU
		{4ED01FF4-5851-49C5-BEA0-49784793A382}.Debug|Any CPU.Build.0 = Debug|Any CPU
		{4ED01FF4-5851-49C5-BEA0-49784793A382}.Release|Any CPU.ActiveCfg = Release|Any CPU
		{4ED01FF4-5851-49C5-BEA0-49784793A382}.Release|Any CPU.Build.0 = Release|Any CPU
		{DDB20639-FB4E-4503-980D-D8B9549A3741}.Debug|Any CPU.ActiveCfg = Debug|Any CPU
		{DDB20639-FB4E-4503-980D-D8B9549A3741}.Debug|Any CPU.Build.0 = Debug|Any CPU
		{DDB20639-FB4E-4503-980D-D8B9549A3741}.Release|Any CPU.ActiveCfg = Release|Any CPU
		{DDB20639-FB4E-4503-980D-D8B9549A3741}.Release|Any CPU.Build.0 = Release|Any CPU
	EndGlobalSection
	GlobalSection(SolutionProperties) = preSolution
		HideSolutionNode = FALSE
	EndGlobalSection
	GlobalSection(ExtensibilityGlobals) = postSolution
		SolutionGuid = {563B8DBA-38A9-47CD-852E-602F254AA43D}
	EndGlobalSection
EndGlobal
