
Microsoft Visual Studio Solution File, Format Version 12.00
# Visual Studio Version 17
VisualStudioVersion = 17.5.33414.496
MinimumVisualStudioVersion = 10.0.40219.1
Project("{9A19103F-16F7-4668-BE54-9A1E7A4F7556}") = "EmpyrionPrime.Plugin", "EmpyrionPrime.Plugin\EmpyrionPrime.Plugin.csproj", "{99942E25-5F21-44E5-82B6-00091E9B82D6}"
EndProject
Project("{9A19103F-16F7-4668-BE54-9A1E7A4F7556}") = "EmpyrionPrime.Launcher", "EmpyrionPrime.Launcher\EmpyrionPrime.Launcher.csproj", "{35D6EA0B-8806-4B63-8C68-2416C1180B52}"
EndProject
Project("{9A19103F-16F7-4668-BE54-9A1E7A4F7556}") = "EmpyrionPrime.RemoteClient", "EmpyrionPrime.RemoteClient\EmpyrionPrime.RemoteClient.csproj", "{21ED9D35-24B1-4A31-B9DA-F6E7F55A0022}"
EndProject
Project("{9A19103F-16F7-4668-BE54-9A1E7A4F7556}") = "EmpyrionPrime.RemoteClient.Tests", "EmpyrionPrime.RemoteClient.Tests\EmpyrionPrime.RemoteClient.Tests.csproj", "{4ED01FF4-5851-49C5-BEA0-49784793A382}"
EndProject
Project("{2150E333-8FDC-42A3-9474-1A3956D46DE8}") = "Solution Items", "Solution Items", "{1857379F-6897-4AD4-A687-1FF17899FECE}"
	ProjectSection(SolutionItems) = preProject
		LICENSE.md = LICENSE.md
		README.md = README.md
	EndProjectSection
EndProject
Project("{2150E333-8FDC-42A3-9474-1A3956D46DE8}") = "ExamplePlugins", "ExamplePlugins", "{D6B0BDC2-24E5-4F70-89DB-87D85A2522C9}"
EndProject
Project("{9A19103F-16F7-4668-BE54-9A1E7A4F7556}") = "BasicPlugin", "ExamplePlugins\BasicPlugin\BasicPlugin.csproj", "{E95E66E2-F50E-4B68-9FF7-DC8B261C36D6}"
EndProject
Project("{9A19103F-16F7-4668-BE54-9A1E7A4F7556}") = "FrameworkPlugins", "ExamplePlugins\FrameworkPlugins\FrameworkPlugins.csproj", "{C5FED5B1-4E12-4B03-89E7-18FBFB40B430}"
EndProject
Project("{9A19103F-16F7-4668-BE54-9A1E7A4F7556}") = "EmpyrionPrime.ModFramework", "EmpyrionPrime.ModFramework\EmpyrionPrime.ModFramework.csproj", "{7084BA93-1AA7-4510-9067-5F9EF5B7A1CA}"
EndProject
Project("{9A19103F-16F7-4668-BE54-9A1E7A4F7556}") = "OnlyModInterface", "ExamplePlugins\OnlyModInterface\OnlyModInterface.csproj", "{F3133E61-4987-4D82-91AF-8CE84D655252}"
EndProject
Project("{FAE04EC0-301F-11D3-BF4B-00C04F79EFBC}") = "EmpyrionPrime.Schema", "EmpyrionPrime.Schema\EmpyrionPrime.Schema.csproj", "{D41D1B5F-B54F-44F0-ADC8-17E11815257B}"
EndProject
Global
	GlobalSection(SolutionConfigurationPlatforms) = preSolution
		Debug|Any CPU = Debug|Any CPU
		Release|Any CPU = Release|Any CPU
	EndGlobalSection
	GlobalSection(ProjectConfigurationPlatforms) = postSolution
		{99942E25-5F21-44E5-82B6-00091E9B82D6}.Debug|Any CPU.ActiveCfg = Debug|Any CPU
		{99942E25-5F21-44E5-82B6-00091E9B82D6}.Debug|Any CPU.Build.0 = Debug|Any CPU
		{99942E25-5F21-44E5-82B6-00091E9B82D6}.Release|Any CPU.ActiveCfg = Release|Any CPU
		{99942E25-5F21-44E5-82B6-00091E9B82D6}.Release|Any CPU.Build.0 = Release|Any CPU
		{35D6EA0B-8806-4B63-8C68-2416C1180B52}.Debug|Any CPU.ActiveCfg = Debug|Any CPU
		{35D6EA0B-8806-4B63-8C68-2416C1180B52}.Debug|Any CPU.Build.0 = Debug|Any CPU
		{35D6EA0B-8806-4B63-8C68-2416C1180B52}.Release|Any CPU.ActiveCfg = Release|Any CPU
		{35D6EA0B-8806-4B63-8C68-2416C1180B52}.Release|Any CPU.Build.0 = Release|Any CPU
		{21ED9D35-24B1-4A31-B9DA-F6E7F55A0022}.Debug|Any CPU.ActiveCfg = Debug|Any CPU
		{21ED9D35-24B1-4A31-B9DA-F6E7F55A0022}.Debug|Any CPU.Build.0 = Debug|Any CPU
		{21ED9D35-24B1-4A31-B9DA-F6E7F55A0022}.Release|Any CPU.ActiveCfg = Release|Any CPU
		{21ED9D35-24B1-4A31-B9DA-F6E7F55A0022}.Release|Any CPU.Build.0 = Release|Any CPU
		{4ED01FF4-5851-49C5-BEA0-49784793A382}.Debug|Any CPU.ActiveCfg = Debug|Any CPU
		{4ED01FF4-5851-49C5-BEA0-49784793A382}.Debug|Any CPU.Build.0 = Debug|Any CPU
		{4ED01FF4-5851-49C5-BEA0-49784793A382}.Release|Any CPU.ActiveCfg = Release|Any CPU
		{4ED01FF4-5851-49C5-BEA0-49784793A382}.Release|Any CPU.Build.0 = Release|Any CPU
		{E95E66E2-F50E-4B68-9FF7-DC8B261C36D6}.Debug|Any CPU.ActiveCfg = Debug|Any CPU
		{E95E66E2-F50E-4B68-9FF7-DC8B261C36D6}.Debug|Any CPU.Build.0 = Debug|Any CPU
		{E95E66E2-F50E-4B68-9FF7-DC8B261C36D6}.Release|Any CPU.ActiveCfg = Release|Any CPU
		{E95E66E2-F50E-4B68-9FF7-DC8B261C36D6}.Release|Any CPU.Build.0 = Release|Any CPU
		{C5FED5B1-4E12-4B03-89E7-18FBFB40B430}.Debug|Any CPU.ActiveCfg = Debug|Any CPU
		{C5FED5B1-4E12-4B03-89E7-18FBFB40B430}.Debug|Any CPU.Build.0 = Debug|Any CPU
		{C5FED5B1-4E12-4B03-89E7-18FBFB40B430}.Release|Any CPU.ActiveCfg = Release|Any CPU
		{C5FED5B1-4E12-4B03-89E7-18FBFB40B430}.Release|Any CPU.Build.0 = Release|Any CPU
		{7084BA93-1AA7-4510-9067-5F9EF5B7A1CA}.Debug|Any CPU.ActiveCfg = Debug|Any CPU
		{7084BA93-1AA7-4510-9067-5F9EF5B7A1CA}.Debug|Any CPU.Build.0 = Debug|Any CPU
		{7084BA93-1AA7-4510-9067-5F9EF5B7A1CA}.Release|Any CPU.ActiveCfg = Release|Any CPU
		{7084BA93-1AA7-4510-9067-5F9EF5B7A1CA}.Release|Any CPU.Build.0 = Release|Any CPU
		{F3133E61-4987-4D82-91AF-8CE84D655252}.Debug|Any CPU.ActiveCfg = Debug|Any CPU
		{F3133E61-4987-4D82-91AF-8CE84D655252}.Debug|Any CPU.Build.0 = Debug|Any CPU
		{F3133E61-4987-4D82-91AF-8CE84D655252}.Release|Any CPU.ActiveCfg = Release|Any CPU
		{F3133E61-4987-4D82-91AF-8CE84D655252}.Release|Any CPU.Build.0 = Release|Any CPU
		{D41D1B5F-B54F-44F0-ADC8-17E11815257B}.Debug|Any CPU.ActiveCfg = Debug|Any CPU
		{D41D1B5F-B54F-44F0-ADC8-17E11815257B}.Debug|Any CPU.Build.0 = Debug|Any CPU
		{D41D1B5F-B54F-44F0-ADC8-17E11815257B}.Release|Any CPU.ActiveCfg = Release|Any CPU
		{D41D1B5F-B54F-44F0-ADC8-17E11815257B}.Release|Any CPU.Build.0 = Release|Any CPU
	EndGlobalSection
	GlobalSection(SolutionProperties) = preSolution
		HideSolutionNode = FALSE
	EndGlobalSection
	GlobalSection(NestedProjects) = preSolution
		{E95E66E2-F50E-4B68-9FF7-DC8B261C36D6} = {D6B0BDC2-24E5-4F70-89DB-87D85A2522C9}
		{C5FED5B1-4E12-4B03-89E7-18FBFB40B430} = {D6B0BDC2-24E5-4F70-89DB-87D85A2522C9}
		{F3133E61-4987-4D82-91AF-8CE84D655252} = {D6B0BDC2-24E5-4F70-89DB-87D85A2522C9}
	EndGlobalSection
	GlobalSection(ExtensibilityGlobals) = postSolution
		SolutionGuid = {563B8DBA-38A9-47CD-852E-602F254AA43D}
	EndGlobalSection
EndGlobal
